
Microsoft Visual Studio Solution File, Format Version 12.00
# Visual Studio 15
VisualStudioVersion = 15.0.28010.2003
MinimumVisualStudioVersion = 10.0.40219.1
Project("{FAE04EC0-301F-11D3-BF4B-00C04F79EFBC}") = "UmbracoLearning", "UmbracoLearning\UmbracoLearning.csproj", "{4B825224-5876-4739-B1AF-385A34BCF4AD}"
EndProject
Global
	GlobalSection(SolutionConfigurationPlatforms) = preSolution
		Debug|Any CPU = Debug|Any CPU
		Release|Any CPU = Release|Any CPU
	EndGlobalSection
	GlobalSection(ProjectConfigurationPlatforms) = postSolution
		{4B825224-5876-4739-B1AF-385A34BCF4AD}.Debug|Any CPU.ActiveCfg = Debug|Any CPU
		{4B825224-5876-4739-B1AF-385A34BCF4AD}.Debug|Any CPU.Build.0 = Debug|Any CPU
		{4B825224-5876-4739-B1AF-385A34BCF4AD}.Release|Any CPU.ActiveCfg = Release|Any CPU
		{4B825224-5876-4739-B1AF-385A34BCF4AD}.Release|Any CPU.Build.0 = Release|Any CPU
	EndGlobalSection
	GlobalSection(SolutionProperties) = preSolution
		HideSolutionNode = FALSE
	EndGlobalSection
	GlobalSection(ExtensibilityGlobals) = postSolution
		SolutionGuid = {D2B1F4B4-AC8C-4DF4-BB4F-898DEBB3D939}
	EndGlobalSection
EndGlobal
